// !$*UTF8*$!
{
	archiveVersion = 1;
	classes = {
	};
	objectVersion = 47;
	objects = {

/* Begin PBXBuildFile section */
		2045CC701D00FC2C0058AE17 /* AppDelegate.swift in Sources */ = {isa = PBXBuildFile; fileRef = 2045CC6F1D00FC2C0058AE17 /* AppDelegate.swift */; };
		2045CC791D00FC2C0058AE17 /* Main.storyboard in Resources */ = {isa = PBXBuildFile; fileRef = 2045CC771D00FC2C0058AE17 /* Main.storyboard */; };
		2045CC7B1D00FC2C0058AE17 /* Assets.xcassets in Resources */ = {isa = PBXBuildFile; fileRef = 2045CC7A1D00FC2C0058AE17 /* Assets.xcassets */; };
		2045CC7E1D00FC2C0058AE17 /* LaunchScreen.storyboard in Resources */ = {isa = PBXBuildFile; fileRef = 2045CC7C1D00FC2C0058AE17 /* LaunchScreen.storyboard */; };
		2045CC891D00FC2C0058AE17 /* SCWorkoutTests.swift in Sources */ = {isa = PBXBuildFile; fileRef = 2045CC881D00FC2C0058AE17 /* SCWorkoutTests.swift */; };
		20C148F61D1B4A5F0027578E /* TabBarController.swift in Sources */ = {isa = PBXBuildFile; fileRef = 20C148F51D1B4A5F0027578E /* TabBarController.swift */; };
		20C148FE1D1CB9EA0027578E /* StageTableCellDescriptor.plist in Resources */ = {isa = PBXBuildFile; fileRef = 20C148FD1D1CB9EA0027578E /* StageTableCellDescriptor.plist */; };
		20F333541D0F4830000B54ED /* StageDetailViewController.swift in Sources */ = {isa = PBXBuildFile; fileRef = 20F333531D0F4830000B54ED /* StageDetailViewController.swift */; };
		20FDAE101D063A4C00280500 /* StagesTableViewController.swift in Sources */ = {isa = PBXBuildFile; fileRef = 20FDAE0F1D063A4C00280500 /* StagesTableViewController.swift */; };
		20FDAE121D063AFB00280500 /* StagesTableViewCell.swift in Sources */ = {isa = PBXBuildFile; fileRef = 20FDAE111D063AFB00280500 /* StagesTableViewCell.swift */; };
		20FDAE161D0647D800280500 /* WorkoutTableViewController.swift in Sources */ = {isa = PBXBuildFile; fileRef = 20FDAE151D0647D800280500 /* WorkoutTableViewController.swift */; };
		20FDAE181D06488500280500 /* WorkoutTableViewCell.swift in Sources */ = {isa = PBXBuildFile; fileRef = 20FDAE171D06488500280500 /* WorkoutTableViewCell.swift */; };
/* End PBXBuildFile section */

/* Begin PBXContainerItemProxy section */
		2045CC851D00FC2C0058AE17 /* PBXContainerItemProxy */ = {
			isa = PBXContainerItemProxy;
			containerPortal = 2045CC641D00FC2B0058AE17 /* Project object */;
			proxyType = 1;
			remoteGlobalIDString = 2045CC6B1D00FC2B0058AE17;
			remoteInfo = SCWorkout;
		};
/* End PBXContainerItemProxy section */

/* Begin PBXFileReference section */
		2045CC6C1D00FC2C0058AE17 /* SCWorkout.app */ = {isa = PBXFileReference; explicitFileType = wrapper.application; includeInIndex = 0; path = SCWorkout.app; sourceTree = BUILT_PRODUCTS_DIR; };
		2045CC6F1D00FC2C0058AE17 /* AppDelegate.swift */ = {isa = PBXFileReference; lastKnownFileType = sourcecode.swift; path = AppDelegate.swift; sourceTree = "<group>"; };
		2045CC781D00FC2C0058AE17 /* Base */ = {isa = PBXFileReference; lastKnownFileType = file.storyboard; name = Base; path = Base.lproj/Main.storyboard; sourceTree = "<group>"; };
		2045CC7A1D00FC2C0058AE17 /* Assets.xcassets */ = {isa = PBXFileReference; lastKnownFileType = folder.assetcatalog; path = Assets.xcassets; sourceTree = "<group>"; };
		2045CC7D1D00FC2C0058AE17 /* Base */ = {isa = PBXFileReference; lastKnownFileType = file.storyboard; name = Base; path = Base.lproj/LaunchScreen.storyboard; sourceTree = "<group>"; };
		2045CC7F1D00FC2C0058AE17 /* Info.plist */ = {isa = PBXFileReference; lastKnownFileType = text.plist.xml; path = Info.plist; sourceTree = "<group>"; };
		2045CC841D00FC2C0058AE17 /* SCWorkoutTests.xctest */ = {isa = PBXFileReference; explicitFileType = wrapper.cfbundle; includeInIndex = 0; path = SCWorkoutTests.xctest; sourceTree = BUILT_PRODUCTS_DIR; };
		2045CC881D00FC2C0058AE17 /* SCWorkoutTests.swift */ = {isa = PBXFileReference; lastKnownFileType = sourcecode.swift; path = SCWorkoutTests.swift; sourceTree = "<group>"; };
		2045CC8A1D00FC2C0058AE17 /* Info.plist */ = {isa = PBXFileReference; lastKnownFileType = text.plist.xml; path = Info.plist; sourceTree = "<group>"; };
		20C148F51D1B4A5F0027578E /* TabBarController.swift */ = {isa = PBXFileReference; fileEncoding = 4; lastKnownFileType = sourcecode.swift; path = TabBarController.swift; sourceTree = "<group>"; };
		20C148FD1D1CB9EA0027578E /* StageTableCellDescriptor.plist */ = {isa = PBXFileReference; fileEncoding = 4; lastKnownFileType = text.plist.xml; name = StageTableCellDescriptor.plist; path = ../../StageTableCellDescriptor.plist; sourceTree = "<group>"; };
		20F333531D0F4830000B54ED /* StageDetailViewController.swift */ = {isa = PBXFileReference; fileEncoding = 4; lastKnownFileType = sourcecode.swift; path = StageDetailViewController.swift; sourceTree = "<group>"; };
		20FDAE0F1D063A4C00280500 /* StagesTableViewController.swift */ = {isa = PBXFileReference; fileEncoding = 4; lastKnownFileType = sourcecode.swift; path = StagesTableViewController.swift; sourceTree = "<group>"; };
		20FDAE111D063AFB00280500 /* StagesTableViewCell.swift */ = {isa = PBXFileReference; fileEncoding = 4; lastKnownFileType = sourcecode.swift; path = StagesTableViewCell.swift; sourceTree = "<group>"; };
		20FDAE151D0647D800280500 /* WorkoutTableViewController.swift */ = {isa = PBXFileReference; fileEncoding = 4; lastKnownFileType = sourcecode.swift; path = WorkoutTableViewController.swift; sourceTree = "<group>"; };
		20FDAE171D06488500280500 /* WorkoutTableViewCell.swift */ = {isa = PBXFileReference; fileEncoding = 4; lastKnownFileType = sourcecode.swift; name = WorkoutTableViewCell.swift; path = ../../WorkoutTableViewCell.swift; sourceTree = "<group>"; };
/* End PBXFileReference section */

/* Begin PBXFrameworksBuildPhase section */
		2045CC691D00FC2B0058AE17 /* Frameworks */ = {
			isa = PBXFrameworksBuildPhase;
			buildActionMask = 2147483647;
			files = (
			);
			runOnlyForDeploymentPostprocessing = 0;
		};
		2045CC811D00FC2C0058AE17 /* Frameworks */ = {
			isa = PBXFrameworksBuildPhase;
			buildActionMask = 2147483647;
			files = (
			);
			runOnlyForDeploymentPostprocessing = 0;
		};
/* End PBXFrameworksBuildPhase section */

/* Begin PBXGroup section */
		2045CC631D00FC2B0058AE17 = {
			isa = PBXGroup;
			children = (
				2045CC6E1D00FC2C0058AE17 /* SCWorkout */,
				2045CC871D00FC2C0058AE17 /* SCWorkoutTests */,
				2045CC6D1D00FC2C0058AE17 /* Products */,
			);
			sourceTree = "<group>";
		};
		2045CC6D1D00FC2C0058AE17 /* Products */ = {
			isa = PBXGroup;
			children = (
				2045CC6C1D00FC2C0058AE17 /* SCWorkout.app */,
				2045CC841D00FC2C0058AE17 /* SCWorkoutTests.xctest */,
			);
			name = Products;
			sourceTree = "<group>";
		};
		2045CC6E1D00FC2C0058AE17 /* SCWorkout */ = {
			isa = PBXGroup;
			children = (
				2045CC971D01001A0058AE17 /* Helpers */,
				2045CC961D0100110058AE17 /* Stores */,
				2045CC951D0100040058AE17 /* Controllers */,
				2045CC941D00FFFD0058AE17 /* Views */,
				2045CC931D00FFEF0058AE17 /* Models */,
				2045CC6F1D00FC2C0058AE17 /* AppDelegate.swift */,
				2045CC771D00FC2C0058AE17 /* Main.storyboard */,
				2045CC7A1D00FC2C0058AE17 /* Assets.xcassets */,
				2045CC7C1D00FC2C0058AE17 /* LaunchScreen.storyboard */,
				2045CC7F1D00FC2C0058AE17 /* Info.plist */,
			);
			path = SCWorkout;
			sourceTree = "<group>";
		};
		2045CC871D00FC2C0058AE17 /* SCWorkoutTests */ = {
			isa = PBXGroup;
			children = (
				2045CC881D00FC2C0058AE17 /* SCWorkoutTests.swift */,
				2045CC8A1D00FC2C0058AE17 /* Info.plist */,
			);
			path = SCWorkoutTests;
			sourceTree = "<group>";
		};
		2045CC931D00FFEF0058AE17 /* Models */ = {
			isa = PBXGroup;
			children = (
			);
			path = Models;
			sourceTree = "<group>";
		};
		2045CC941D00FFFD0058AE17 /* Views */ = {
			isa = PBXGroup;
			children = (
			);
			path = Views;
			sourceTree = "<group>";
		};
		2045CC951D0100040058AE17 /* Controllers */ = {
			isa = PBXGroup;
			children = (
				20C148F51D1B4A5F0027578E /* TabBarController.swift */,
				20FDAE191D0648A900280500 /* Workout */,
				20FDAE1A1D0648B100280500 /* Stage */,
			);
			path = Controllers;
			sourceTree = "<group>";
		};
		2045CC961D0100110058AE17 /* Stores */ = {
			isa = PBXGroup;
			children = (
			);
			path = Stores;
			sourceTree = "<group>";
		};
		2045CC971D01001A0058AE17 /* Helpers */ = {
			isa = PBXGroup;
			children = (
			);
			path = Helpers;
			sourceTree = "<group>";
		};
		20FDAE191D0648A900280500 /* Workout */ = {
			isa = PBXGroup;
			children = (
				20FDAE171D06488500280500 /* WorkoutTableViewCell.swift */,
				20FDAE151D0647D800280500 /* WorkoutTableViewController.swift */,
			);
			name = Workout;
			sourceTree = "<group>";
		};
		20FDAE1A1D0648B100280500 /* Stage */ = {
			isa = PBXGroup;
			children = (
				20C148FD1D1CB9EA0027578E /* StageTableCellDescriptor.plist */,
				20FDAE0F1D063A4C00280500 /* StagesTableViewController.swift */,
				20FDAE111D063AFB00280500 /* StagesTableViewCell.swift */,
				20F333531D0F4830000B54ED /* StageDetailViewController.swift */,
			);
			name = Stage;
			sourceTree = "<group>";
		};
/* End PBXGroup section */

/* Begin PBXNativeTarget section */
		2045CC6B1D00FC2B0058AE17 /* SCWorkout */ = {
			isa = PBXNativeTarget;
			buildConfigurationList = 2045CC8D1D00FC2C0058AE17 /* Build configuration list for PBXNativeTarget "SCWorkout" */;
			buildPhases = (
				2045CC681D00FC2B0058AE17 /* Sources */,
				2045CC691D00FC2B0058AE17 /* Frameworks */,
				2045CC6A1D00FC2B0058AE17 /* Resources */,
			);
			buildRules = (
			);
			dependencies = (
			);
			name = SCWorkout;
			productName = SCWorkout;
			productReference = 2045CC6C1D00FC2C0058AE17 /* SCWorkout.app */;
			productType = "com.apple.product-type.application";
		};
		2045CC831D00FC2C0058AE17 /* SCWorkoutTests */ = {
			isa = PBXNativeTarget;
			buildConfigurationList = 2045CC901D00FC2C0058AE17 /* Build configuration list for PBXNativeTarget "SCWorkoutTests" */;
			buildPhases = (
				2045CC801D00FC2C0058AE17 /* Sources */,
				2045CC811D00FC2C0058AE17 /* Frameworks */,
				2045CC821D00FC2C0058AE17 /* Resources */,
			);
			buildRules = (
			);
			dependencies = (
				2045CC861D00FC2C0058AE17 /* PBXTargetDependency */,
			);
			name = SCWorkoutTests;
			productName = SCWorkoutTests;
			productReference = 2045CC841D00FC2C0058AE17 /* SCWorkoutTests.xctest */;
			productType = "com.apple.product-type.bundle.unit-test";
		};
/* End PBXNativeTarget section */

/* Begin PBXProject section */
		2045CC641D00FC2B0058AE17 /* Project object */ = {
			isa = PBXProject;
			attributes = {
				CLASSPREFIX = "";
				LastSwiftUpdateCheck = 0730;
				LastUpgradeCheck = 0730;
				ORGANIZATIONNAME = "Oksana Chuiko";
				TargetAttributes = {
					2045CC6B1D00FC2B0058AE17 = {
						CreatedOnToolsVersion = 7.3.1;
						DevelopmentTeam = ESH3ZLBH4Y;
					};
					2045CC831D00FC2C0058AE17 = {
						CreatedOnToolsVersion = 7.3.1;
						DevelopmentTeam = ESH3ZLBH4Y;
						TestTargetID = 2045CC6B1D00FC2B0058AE17;
					};
				};
			};
			buildConfigurationList = 2045CC671D00FC2B0058AE17 /* Build configuration list for PBXProject "SCWorkout" */;
			compatibilityVersion = "Xcode 6.3";
			developmentRegion = English;
			hasScannedForEncodings = 0;
			knownRegions = (
				en,
				Base,
			);
			mainGroup = 2045CC631D00FC2B0058AE17;
			productRefGroup = 2045CC6D1D00FC2C0058AE17 /* Products */;
			projectDirPath = "";
			projectRoot = "";
			targets = (
				2045CC6B1D00FC2B0058AE17 /* SCWorkout */,
				2045CC831D00FC2C0058AE17 /* SCWorkoutTests */,
			);
		};
/* End PBXProject section */

/* Begin PBXResourcesBuildPhase section */
		2045CC6A1D00FC2B0058AE17 /* Resources */ = {
			isa = PBXResourcesBuildPhase;
			buildActionMask = 2147483647;
			files = (
				2045CC7E1D00FC2C0058AE17 /* LaunchScreen.storyboard in Resources */,
				20C148FE1D1CB9EA0027578E /* StageTableCellDescriptor.plist in Resources */,
				2045CC7B1D00FC2C0058AE17 /* Assets.xcassets in Resources */,
				2045CC791D00FC2C0058AE17 /* Main.storyboard in Resources */,
			);
			runOnlyForDeploymentPostprocessing = 0;
		};
		2045CC821D00FC2C0058AE17 /* Resources */ = {
			isa = PBXResourcesBuildPhase;
			buildActionMask = 2147483647;
			files = (
			);
			runOnlyForDeploymentPostprocessing = 0;
		};
/* End PBXResourcesBuildPhase section */

/* Begin PBXSourcesBuildPhase section */
		2045CC681D00FC2B0058AE17 /* Sources */ = {
			isa = PBXSourcesBuildPhase;
			buildActionMask = 2147483647;
			files = (
				20F333541D0F4830000B54ED /* StageDetailViewController.swift in Sources */,
				20FDAE161D0647D800280500 /* WorkoutTableViewController.swift in Sources */,
				20FDAE181D06488500280500 /* WorkoutTableViewCell.swift in Sources */,
				20FDAE101D063A4C00280500 /* StagesTableViewController.swift in Sources */,
				20C148F61D1B4A5F0027578E /* TabBarController.swift in Sources */,
				2045CC701D00FC2C0058AE17 /* AppDelegate.swift in Sources */,
				20FDAE121D063AFB00280500 /* StagesTableViewCell.swift in Sources */,
			);
			runOnlyForDeploymentPostprocessing = 0;
		};
		2045CC801D00FC2C0058AE17 /* Sources */ = {
			isa = PBXSourcesBuildPhase;
			buildActionMask = 2147483647;
			files = (
				2045CC891D00FC2C0058AE17 /* SCWorkoutTests.swift in Sources */,
			);
			runOnlyForDeploymentPostprocessing = 0;
		};
/* End PBXSourcesBuildPhase section */

/* Begin PBXTargetDependency section */
		2045CC861D00FC2C0058AE17 /* PBXTargetDependency */ = {
			isa = PBXTargetDependency;
			target = 2045CC6B1D00FC2B0058AE17 /* SCWorkout */;
			targetProxy = 2045CC851D00FC2C0058AE17 /* PBXContainerItemProxy */;
		};
/* End PBXTargetDependency section */

/* Begin PBXVariantGroup section */
		2045CC771D00FC2C0058AE17 /* Main.storyboard */ = {
			isa = PBXVariantGroup;
			children = (
				2045CC781D00FC2C0058AE17 /* Base */,
			);
			name = Main.storyboard;
			sourceTree = "<group>";
		};
		2045CC7C1D00FC2C0058AE17 /* LaunchScreen.storyboard */ = {
			isa = PBXVariantGroup;
			children = (
				2045CC7D1D00FC2C0058AE17 /* Base */,
			);
			name = LaunchScreen.storyboard;
			sourceTree = "<group>";
		};
/* End PBXVariantGroup section */

/* Begin XCBuildConfiguration section */
		2045CC8B1D00FC2C0058AE17 /* Debug */ = {
			isa = XCBuildConfiguration;
			buildSettings = {
				ALWAYS_SEARCH_USER_PATHS = NO;
				CLANG_ANALYZER_NONNULL = YES;
				CLANG_CXX_LANGUAGE_STANDARD = "gnu++0x";
				CLANG_CXX_LIBRARY = "libc++";
				CLANG_ENABLE_MODULES = YES;
				CLANG_ENABLE_OBJC_ARC = YES;
				CLANG_WARN_BOOL_CONVERSION = YES;
				CLANG_WARN_CONSTANT_CONVERSION = YES;
				CLANG_WARN_DIRECT_OBJC_ISA_USAGE = YES_ERROR;
				CLANG_WARN_EMPTY_BODY = YES;
				CLANG_WARN_ENUM_CONVERSION = YES;
				CLANG_WARN_INT_CONVERSION = YES;
				CLANG_WARN_OBJC_ROOT_CLASS = YES_ERROR;
				CLANG_WARN_UNREACHABLE_CODE = YES;
				CLANG_WARN__DUPLICATE_METHOD_MATCH = YES;
				"CODE_SIGN_IDENTITY[sdk=iphoneos*]" = "iPhone Developer";
				COPY_PHASE_STRIP = NO;
				DEBUG_INFORMATION_FORMAT = dwarf;
				ENABLE_STRICT_OBJC_MSGSEND = YES;
				ENABLE_TESTABILITY = YES;
				GCC_C_LANGUAGE_STANDARD = gnu99;
				GCC_DYNAMIC_NO_PIC = NO;
				GCC_NO_COMMON_BLOCKS = YES;
				GCC_OPTIMIZATION_LEVEL = 0;
				GCC_PREPROCESSOR_DEFINITIONS = (
					"DEBUG=1",
					"$(inherited)",
				);
				GCC_WARN_64_TO_32_BIT_CONVERSION = YES;
				GCC_WARN_ABOUT_RETURN_TYPE = YES_ERROR;
				GCC_WARN_UNDECLARED_SELECTOR = YES;
				GCC_WARN_UNINITIALIZED_AUTOS = YES_AGGRESSIVE;
				GCC_WARN_UNUSED_FUNCTION = YES;
				GCC_WARN_UNUSED_VARIABLE = YES;
				IPHONEOS_DEPLOYMENT_TARGET = 9.3;
				MTL_ENABLE_DEBUG_INFO = YES;
				ONLY_ACTIVE_ARCH = YES;
				SDKROOT = iphoneos;
				SWIFT_OPTIMIZATION_LEVEL = "-Onone";
				TARGETED_DEVICE_FAMILY = "1,2";
			};
			name = Debug;
		};
		2045CC8C1D00FC2C0058AE17 /* Release */ = {
			isa = XCBuildConfiguration;
			buildSettings = {
				ALWAYS_SEARCH_USER_PATHS = NO;
				CLANG_ANALYZER_NONNULL = YES;
				CLANG_CXX_LANGUAGE_STANDARD = "gnu++0x";
				CLANG_CXX_LIBRARY = "libc++";
				CLANG_ENABLE_MODULES = YES;
				CLANG_ENABLE_OBJC_ARC = YES;
				CLANG_WARN_BOOL_CONVERSION = YES;
				CLANG_WARN_CONSTANT_CONVERSION = YES;
				CLANG_WARN_DIRECT_OBJC_ISA_USAGE = YES_ERROR;
				CLANG_WARN_EMPTY_BODY = YES;
				CLANG_WARN_ENUM_CONVERSION = YES;
				CLANG_WARN_INT_CONVERSION = YES;
				CLANG_WARN_OBJC_ROOT_CLASS = YES_ERROR;
				CLANG_WARN_UNREACHABLE_CODE = YES;
				CLANG_WARN__DUPLICATE_METHOD_MATCH = YES;
				"CODE_SIGN_IDENTITY[sdk=iphoneos*]" = "iPhone Developer";
				COPY_PHASE_STRIP = NO;
				DEBUG_INFORMATION_FORMAT = "dwarf-with-dsym";
				ENABLE_NS_ASSERTIONS = NO;
				ENABLE_STRICT_OBJC_MSGSEND = YES;
				GCC_C_LANGUAGE_STANDARD = gnu99;
				GCC_NO_COMMON_BLOCKS = YES;
				GCC_WARN_64_TO_32_BIT_CONVERSION = YES;
				GCC_WARN_ABOUT_RETURN_TYPE = YES_ERROR;
				GCC_WARN_UNDECLARED_SELECTOR = YES;
				GCC_WARN_UNINITIALIZED_AUTOS = YES_AGGRESSIVE;
				GCC_WARN_UNUSED_FUNCTION = YES;
				GCC_WARN_UNUSED_VARIABLE = YES;
				IPHONEOS_DEPLOYMENT_TARGET = 9.3;
				MTL_ENABLE_DEBUG_INFO = NO;
				SDKROOT = iphoneos;
				TARGETED_DEVICE_FAMILY = "1,2";
				VALIDATE_PRODUCT = YES;
			};
			name = Release;
		};
		2045CC8E1D00FC2C0058AE17 /* Debug */ = {
			isa = XCBuildConfiguration;
			buildSettings = {
				ASSETCATALOG_COMPILER_APPICON_NAME = AppIcon;
				CODE_SIGN_IDENTITY = "iPhone Developer";
				INFOPLIST_FILE = SCWorkout/Info.plist;
				LD_RUNPATH_SEARCH_PATHS = "$(inherited) @executable_path/Frameworks";
				PRODUCT_BUNDLE_IDENTIFIER = me.trierra.SCWorkout;
				PRODUCT_NAME = "$(TARGET_NAME)";
			};
			name = Debug;
		};
		2045CC8F1D00FC2C0058AE17 /* Release */ = {
			isa = XCBuildConfiguration;
			buildSettings = {
				ASSETCATALOG_COMPILER_APPICON_NAME = AppIcon;
				CODE_SIGN_IDENTITY = "iPhone Developer";
				INFOPLIST_FILE = SCWorkout/Info.plist;
				LD_RUNPATH_SEARCH_PATHS = "$(inherited) @executable_path/Frameworks";
				PRODUCT_BUNDLE_IDENTIFIER = me.trierra.SCWorkout;
				PRODUCT_NAME = "$(TARGET_NAME)";
			};
			name = Release;
		};
		2045CC911D00FC2C0058AE17 /* Debug */ = {
			isa = XCBuildConfiguration;
			buildSettings = {
				BUNDLE_LOADER = "$(TEST_HOST)";
				INFOPLIST_FILE = SCWorkoutTests/Info.plist;
				LD_RUNPATH_SEARCH_PATHS = "$(inherited) @executable_path/Frameworks @loader_path/Frameworks";
				PRODUCT_BUNDLE_IDENTIFIER = me.trierra.SCWorkoutTests;
				PRODUCT_NAME = "$(TARGET_NAME)";
				TEST_HOST = "$(BUILT_PRODUCTS_DIR)/SCWorkout.app/SCWorkout";
			};
			name = Debug;
		};
		2045CC921D00FC2C0058AE17 /* Release */ = {
			isa = XCBuildConfiguration;
			buildSettings = {
				BUNDLE_LOADER = "$(TEST_HOST)";
				INFOPLIST_FILE = SCWorkoutTests/Info.plist;
				LD_RUNPATH_SEARCH_PATHS = "$(inherited) @executable_path/Frameworks @loader_path/Frameworks";
				PRODUCT_BUNDLE_IDENTIFIER = me.trierra.SCWorkoutTests;
				PRODUCT_NAME = "$(TARGET_NAME)";
				TEST_HOST = "$(BUILT_PRODUCTS_DIR)/SCWorkout.app/SCWorkout";
			};
			name = Release;
		};
/* End XCBuildConfiguration section */

/* Begin XCConfigurationList section */
		2045CC671D00FC2B0058AE17 /* Build configuration list for PBXProject "SCWorkout" */ = {
			isa = XCConfigurationList;
			buildConfigurations = (
				2045CC8B1D00FC2C0058AE17 /* Debug */,
				2045CC8C1D00FC2C0058AE17 /* Release */,
			);
			defaultConfigurationIsVisible = 0;
			defaultConfigurationName = Release;
		};
		2045CC8D1D00FC2C0058AE17 /* Build configuration list for PBXNativeTarget "SCWorkout" */ = {
			isa = XCConfigurationList;
			buildConfigurations = (
				2045CC8E1D00FC2C0058AE17 /* Debug */,
				2045CC8F1D00FC2C0058AE17 /* Release */,
			);
			defaultConfigurationIsVisible = 0;
			defaultConfigurationName = Release;
		};
		2045CC901D00FC2C0058AE17 /* Build configuration list for PBXNativeTarget "SCWorkoutTests" */ = {
			isa = XCConfigurationList;
			buildConfigurations = (
				2045CC911D00FC2C0058AE17 /* Debug */,
				2045CC921D00FC2C0058AE17 /* Release */,
			);
			defaultConfigurationIsVisible = 0;
			defaultConfigurationName = Release;
		};
/* End XCConfigurationList section */
	};
	rootObject = 2045CC641D00FC2B0058AE17 /* Project object */;
}
